# THIS IS AN AUTOGENERATED FILE. DO NOT EDIT THIS FILE DIRECTLY.
# yarn lockfile v1


"@tanstack/query-core@5.28.4":
  version "5.28.4"
  resolved "https://registry.yarnpkg.com/@tanstack/query-core/-/query-core-5.28.4.tgz#fa416532f8b33ca8608d40bb9728b60e2e1a38dc"
  integrity sha512-uQZqOFqLWUvXNIQZ63XdKzg22NtHzgCBUfDmjDHi3BoF+nUYeBNvMi/xFPtFrMhqRzG2Ir4mYaGsWZzmiEjXpA==

"@tanstack/react-query@^5.28.4":
  version "5.28.4"
  resolved "https://registry.yarnpkg.com/@tanstack/react-query/-/react-query-5.28.4.tgz#32e56ca4fd08513a906fe6323908f0e38ffccbba"
  integrity sha512-BErcoB/QQG6YwLSUKnaGxF+lSc270RH2w3kMBpG0i4YzDCsFs2pdxPX1WVknQvFk9bNgukMb158hc2Zb4SdwSA==
  dependencies:
    "@tanstack/query-core" "5.28.4"
